
Microsoft Visual Studio Solution File, Format Version 12.00
# Visual Studio 15
VisualStudioVersion = 15.0.28307.902
MinimumVisualStudioVersion = 10.0.40219.1
Project("{FAE04EC0-301F-11D3-BF4B-00C04F79EFBC}") = "Obs_MVC", "Obs_MVC\Obs_MVC.csproj", "{52109AB5-94D7-4315-9300-EC05C54E30BD}"
EndProject
Project("{FAE04EC0-301F-11D3-BF4B-00C04F79EFBC}") = "Ogrenci.Data", "Ogrenci.Data\Ogrenci.Data.csproj", "{FE5BB228-81F3-47D4-8E61-D7584A7C662A}"
EndProject
Global
	GlobalSection(SolutionConfigurationPlatforms) = preSolution
		Debug|Any CPU = Debug|Any CPU
		Release|Any CPU = Release|Any CPU
	EndGlobalSection
	GlobalSection(ProjectConfigurationPlatforms) = postSolution
		{52109AB5-94D7-4315-9300-EC05C54E30BD}.Debug|Any CPU.ActiveCfg = Debug|Any CPU
		{52109AB5-94D7-4315-9300-EC05C54E30BD}.Debug|Any CPU.Build.0 = Debug|Any CPU
		{52109AB5-94D7-4315-9300-EC05C54E30BD}.Release|Any CPU.ActiveCfg = Release|Any CPU
		{52109AB5-94D7-4315-9300-EC05C54E30BD}.Release|Any CPU.Build.0 = Release|Any CPU
		{FE5BB228-81F3-47D4-8E61-D7584A7C662A}.Debug|Any CPU.ActiveCfg = Debug|Any CPU
		{FE5BB228-81F3-47D4-8E61-D7584A7C662A}.Debug|Any CPU.Build.0 = Debug|Any CPU
		{FE5BB228-81F3-47D4-8E61-D7584A7C662A}.Release|Any CPU.ActiveCfg = Release|Any CPU
		{FE5BB228-81F3-47D4-8E61-D7584A7C662A}.Release|Any CPU.Build.0 = Release|Any CPU
	EndGlobalSection
	GlobalSection(SolutionProperties) = preSolution
		HideSolutionNode = FALSE
	EndGlobalSection
	GlobalSection(ExtensibilityGlobals) = postSolution
		SolutionGuid = {095AACB4-18BE-457C-91AC-559FA4330BDF}
	EndGlobalSection
EndGlobal
